
Microsoft Visual Studio Solution File, Format Version 12.00
# Visual Studio Version 17
VisualStudioVersion = 17.3.32901.215
MinimumVisualStudioVersion = 10.0.40219.1
Project("{FAE04EC0-301F-11D3-BF4B-00C04F79EFBC}") = "FinalTask", "Module 8 Task 4\FinalTask.csproj", "{DA124D49-BD87-4FFB-BA0C-55B34569B6A2}"
EndProject
Global
	GlobalSection(SolutionConfigurationPlatforms) = preSolution
		Debug|Any CPU = Debug|Any CPU
		Release|Any CPU = Release|Any CPU
	EndGlobalSection
	GlobalSection(ProjectConfigurationPlatforms) = postSolution
		{DA124D49-BD87-4FFB-BA0C-55B34569B6A2}.Debug|Any CPU.ActiveCfg = Debug|Any CPU
		{DA124D49-BD87-4FFB-BA0C-55B34569B6A2}.Debug|Any CPU.Build.0 = Debug|Any CPU
		{DA124D49-BD87-4FFB-BA0C-55B34569B6A2}.Release|Any CPU.ActiveCfg = Release|Any CPU
		{DA124D49-BD87-4FFB-BA0C-55B34569B6A2}.Release|Any CPU.Build.0 = Release|Any CPU
	EndGlobalSection
	GlobalSection(SolutionProperties) = preSolution
		HideSolutionNode = FALSE
	EndGlobalSection
	GlobalSection(ExtensibilityGlobals) = postSolution
		SolutionGuid = {77377307-305D-425E-AFC0-CF686F328A11}
	EndGlobalSection
EndGlobal
